
Microsoft Visual Studio Solution File, Format Version 12.00
# Visual Studio Version 16
VisualStudioVersion = 16.0.29215.179
MinimumVisualStudioVersion = 10.0.40219.1
Project("{FAE04EC0-301F-11D3-BF4B-00C04F79EFBC}") = "ConsoleApp6", "ConsoleApp6.csproj", "{201DD084-6C23-4971-9037-0A4D5A2C8444}"
EndProject
Global
	GlobalSection(SolutionConfigurationPlatforms) = preSolution
		Debug|Any CPU = Debug|Any CPU
		Release|Any CPU = Release|Any CPU
	EndGlobalSection
	GlobalSection(ProjectConfigurationPlatforms) = postSolution
		{201DD084-6C23-4971-9037-0A4D5A2C8444}.Debug|Any CPU.ActiveCfg = Debug|Any CPU
		{201DD084-6C23-4971-9037-0A4D5A2C8444}.Debug|Any CPU.Build.0 = Debug|Any CPU
		{201DD084-6C23-4971-9037-0A4D5A2C8444}.Release|Any CPU.ActiveCfg = Release|Any CPU
		{201DD084-6C23-4971-9037-0A4D5A2C8444}.Release|Any CPU.Build.0 = Release|Any CPU
	EndGlobalSection
	GlobalSection(SolutionProperties) = preSolution
		HideSolutionNode = FALSE
	EndGlobalSection
	GlobalSection(ExtensibilityGlobals) = postSolution
		SolutionGuid = {6DBB096A-4258-4406-9DC1-36D2B1D46586}
	EndGlobalSection
EndGlobal
